
Microsoft Visual Studio Solution File, Format Version 12.00
# Visual Studio 15
Project("{FAE04EC0-301F-11D3-BF4B-00C04F79EFBC}") = "RandomDataCreator", "RandomDataCreator.csproj", "{0FE456BC-EBB2-489F-9492-A8C4380D4D43}"
EndProject
Global
	GlobalSection(SolutionConfigurationPlatforms) = preSolution
		Debug|anycpu = Debug|anycpu
		Release|anycpu = Release|anycpu
	EndGlobalSection
	GlobalSection(ProjectConfigurationPlatforms) = postSolution
		{0FE456BC-EBB2-489F-9492-A8C4380D4D43}.Debug|anycpu.ActiveCfg = Debug|anycpu
		{0FE456BC-EBB2-489F-9492-A8C4380D4D43}.Debug|anycpu.Build.0 = Debug|anycpu
		{0FE456BC-EBB2-489F-9492-A8C4380D4D43}.Release|anycpu.ActiveCfg = Release|anycpu
		{0FE456BC-EBB2-489F-9492-A8C4380D4D43}.Release|anycpu.Build.0 = Release|anycpu
	EndGlobalSection
EndGlobal
